// !$*UTF8*$!
{
	archiveVersion = 1;
	classes = {
	};
	objectVersion = 46;
	objects = {

/* Begin PBXBuildFile section */
		4399B8EE1F6AC26A00CFA452 /* AppDelegate.swift in Sources */ = {isa = PBXBuildFile; fileRef = 4399B8ED1F6AC26A00CFA452 /* AppDelegate.swift */; };
		4399B8F01F6AC26A00CFA452 /* ViewController.swift in Sources */ = {isa = PBXBuildFile; fileRef = 4399B8EF1F6AC26A00CFA452 /* ViewController.swift */; };
		4399B8F31F6AC26A00CFA452 /* Main.storyboard in Resources */ = {isa = PBXBuildFile; fileRef = 4399B8F11F6AC26A00CFA452 /* Main.storyboard */; };
		4399B8F51F6AC26A00CFA452 /* Assets.xcassets in Resources */ = {isa = PBXBuildFile; fileRef = 4399B8F41F6AC26A00CFA452 /* Assets.xcassets */; };
		4399B8F81F6AC26A00CFA452 /* LaunchScreen.storyboard in Resources */ = {isa = PBXBuildFile; fileRef = 4399B8F61F6AC26A00CFA452 /* LaunchScreen.storyboard */; };
		4399B9031F6AC26A00CFA452 /* LocationTest.swift in Sources */ = {isa = PBXBuildFile; fileRef = 4399B9021F6AC26A00CFA452 /* LocationTest.swift */; };
		4399B9251F6AC43700CFA452 /* Location.swift in Sources */ = {isa = PBXBuildFile; fileRef = 4399B9211F6AC43700CFA452 /* Location.swift */; };
		4399B9261F6AC43700CFA452 /* Neighborhood.swift in Sources */ = {isa = PBXBuildFile; fileRef = 4399B9221F6AC43700CFA452 /* Neighborhood.swift */; };
		4399B9271F6AC43700CFA452 /* Neighborhoods.swift in Sources */ = {isa = PBXBuildFile; fileRef = 4399B9231F6AC43700CFA452 /* Neighborhoods.swift */; };
		4399B9281F6AC43700CFA452 /* Search.swift in Sources */ = {isa = PBXBuildFile; fileRef = 4399B9241F6AC43700CFA452 /* Search.swift */; };
		4399B92E1F6AC46400CFA452 /* Location.swift in Sources */ = {isa = PBXBuildFile; fileRef = 4399B9211F6AC43700CFA452 /* Location.swift */; };
		4399B92F1F6AC46400CFA452 /* Neighborhood.swift in Sources */ = {isa = PBXBuildFile; fileRef = 4399B9221F6AC43700CFA452 /* Neighborhood.swift */; };
		4399B9301F6AC46400CFA452 /* Neighborhoods.swift in Sources */ = {isa = PBXBuildFile; fileRef = 4399B9231F6AC43700CFA452 /* Neighborhoods.swift */; };
		4399B9311F6AC46400CFA452 /* Search.swift in Sources */ = {isa = PBXBuildFile; fileRef = 4399B9241F6AC43700CFA452 /* Search.swift */; };
		43B3216D1F6AC97600BABF8F /* Utils.swift in Sources */ = {isa = PBXBuildFile; fileRef = 43B3216C1F6AC97600BABF8F /* Utils.swift */; };
		43B3216E1F6AD2A200BABF8F /* Utils.swift in Sources */ = {isa = PBXBuildFile; fileRef = 43B3216C1F6AC97600BABF8F /* Utils.swift */; };
		43B321701F6AD36A00BABF8F /* SearchTest.swift in Sources */ = {isa = PBXBuildFile; fileRef = 43B3216F1F6AD36A00BABF8F /* SearchTest.swift */; };
/* End PBXBuildFile section */

/* Begin PBXContainerItemProxy section */
		4399B8FF1F6AC26A00CFA452 /* PBXContainerItemProxy */ = {
			isa = PBXContainerItemProxy;
			containerPortal = 4399B8E21F6AC26A00CFA452 /* Project object */;
			proxyType = 1;
			remoteGlobalIDString = 4399B8E91F6AC26A00CFA452;
			remoteInfo = "nearby-neighborhoods";
		};
/* End PBXContainerItemProxy section */

/* Begin PBXFileReference section */
		4399B8EA1F6AC26A00CFA452 /* nearby-neighborhoods.app */ = {isa = PBXFileReference; explicitFileType = wrapper.application; includeInIndex = 0; path = "nearby-neighborhoods.app"; sourceTree = BUILT_PRODUCTS_DIR; };
		4399B8ED1F6AC26A00CFA452 /* AppDelegate.swift */ = {isa = PBXFileReference; lastKnownFileType = sourcecode.swift; path = AppDelegate.swift; sourceTree = "<group>"; };
		4399B8EF1F6AC26A00CFA452 /* ViewController.swift */ = {isa = PBXFileReference; lastKnownFileType = sourcecode.swift; path = ViewController.swift; sourceTree = "<group>"; };
		4399B8F21F6AC26A00CFA452 /* Base */ = {isa = PBXFileReference; lastKnownFileType = file.storyboard; name = Base; path = Base.lproj/Main.storyboard; sourceTree = "<group>"; };
		4399B8F41F6AC26A00CFA452 /* Assets.xcassets */ = {isa = PBXFileReference; lastKnownFileType = folder.assetcatalog; path = Assets.xcassets; sourceTree = "<group>"; };
		4399B8F71F6AC26A00CFA452 /* Base */ = {isa = PBXFileReference; lastKnownFileType = file.storyboard; name = Base; path = Base.lproj/LaunchScreen.storyboard; sourceTree = "<group>"; };
		4399B8F91F6AC26A00CFA452 /* Info.plist */ = {isa = PBXFileReference; lastKnownFileType = text.plist.xml; path = Info.plist; sourceTree = "<group>"; };
		4399B8FE1F6AC26A00CFA452 /* nearby-neighborhoodsTests.xctest */ = {isa = PBXFileReference; explicitFileType = wrapper.cfbundle; includeInIndex = 0; path = "nearby-neighborhoodsTests.xctest"; sourceTree = BUILT_PRODUCTS_DIR; };
		4399B9021F6AC26A00CFA452 /* LocationTest.swift */ = {isa = PBXFileReference; indentWidth = 2; lastKnownFileType = sourcecode.swift; name = LocationTest.swift; path = ../LocationTest.swift; sourceTree = "<group>"; tabWidth = 2; };
		4399B9041F6AC26A00CFA452 /* Info.plist */ = {isa = PBXFileReference; lastKnownFileType = text.plist.xml; path = Info.plist; sourceTree = "<group>"; };
		4399B9211F6AC43700CFA452 /* Location.swift */ = {isa = PBXFileReference; fileEncoding = 4; lastKnownFileType = sourcecode.swift; path = Location.swift; sourceTree = "<group>"; };
		4399B9221F6AC43700CFA452 /* Neighborhood.swift */ = {isa = PBXFileReference; fileEncoding = 4; lastKnownFileType = sourcecode.swift; path = Neighborhood.swift; sourceTree = "<group>"; };
		4399B9231F6AC43700CFA452 /* Neighborhoods.swift */ = {isa = PBXFileReference; fileEncoding = 4; lastKnownFileType = sourcecode.swift; path = Neighborhoods.swift; sourceTree = "<group>"; };
		4399B9241F6AC43700CFA452 /* Search.swift */ = {isa = PBXFileReference; fileEncoding = 4; lastKnownFileType = sourcecode.swift; path = Search.swift; sourceTree = "<group>"; };
		43B3216C1F6AC97600BABF8F /* Utils.swift */ = {isa = PBXFileReference; fileEncoding = 4; lastKnownFileType = sourcecode.swift; path = Utils.swift; sourceTree = "<group>"; };
		43B3216F1F6AD36A00BABF8F /* SearchTest.swift */ = {isa = PBXFileReference; fileEncoding = 4; indentWidth = 2; lastKnownFileType = sourcecode.swift; name = SearchTest.swift; path = "nearby-neighborhoodsTests/SearchTest.swift"; sourceTree = SOURCE_ROOT; tabWidth = 2; };
/* End PBXFileReference section */

/* Begin PBXFrameworksBuildPhase section */
		4399B8E71F6AC26A00CFA452 /* Frameworks */ = {
			isa = PBXFrameworksBuildPhase;
			buildActionMask = 2147483647;
			files = (
			);
			runOnlyForDeploymentPostprocessing = 0;
		};
		4399B8FB1F6AC26A00CFA452 /* Frameworks */ = {
			isa = PBXFrameworksBuildPhase;
			buildActionMask = 2147483647;
			files = (
			);
			runOnlyForDeploymentPostprocessing = 0;
		};
/* End PBXFrameworksBuildPhase section */

/* Begin PBXGroup section */
		4399B8E11F6AC26A00CFA452 = {
			isa = PBXGroup;
			children = (
				4399B8EC1F6AC26A00CFA452 /* nearby-neighborhoods */,
				4399B9011F6AC26A00CFA452 /* nearby-neighborhoodsTests */,
				4399B8EB1F6AC26A00CFA452 /* Products */,
			);
			sourceTree = "<group>";
		};
		4399B8EB1F6AC26A00CFA452 /* Products */ = {
			isa = PBXGroup;
			children = (
				4399B8EA1F6AC26A00CFA452 /* nearby-neighborhoods.app */,
				4399B8FE1F6AC26A00CFA452 /* nearby-neighborhoodsTests.xctest */,
			);
			name = Products;
			sourceTree = "<group>";
		};
		4399B8EC1F6AC26A00CFA452 /* nearby-neighborhoods */ = {
			isa = PBXGroup;
			children = (
				4399B9201F6AC43700CFA452 /* present */,
				4399B8ED1F6AC26A00CFA452 /* AppDelegate.swift */,
				4399B8EF1F6AC26A00CFA452 /* ViewController.swift */,
				4399B8F11F6AC26A00CFA452 /* Main.storyboard */,
				4399B8F41F6AC26A00CFA452 /* Assets.xcassets */,
				4399B8F61F6AC26A00CFA452 /* LaunchScreen.storyboard */,
				4399B8F91F6AC26A00CFA452 /* Info.plist */,
			);
			path = "nearby-neighborhoods";
			sourceTree = "<group>";
		};
		4399B9011F6AC26A00CFA452 /* nearby-neighborhoodsTests */ = {
			isa = PBXGroup;
			children = (
				4399B9291F6AC44400CFA452 /* present */,
				4399B9041F6AC26A00CFA452 /* Info.plist */,
			);
			path = "nearby-neighborhoodsTests";
			sourceTree = "<group>";
		};
		4399B9201F6AC43700CFA452 /* present */ = {
			isa = PBXGroup;
			children = (
				4399B9211F6AC43700CFA452 /* Location.swift */,
				4399B9221F6AC43700CFA452 /* Neighborhood.swift */,
				4399B9231F6AC43700CFA452 /* Neighborhoods.swift */,
				4399B9241F6AC43700CFA452 /* Search.swift */,
				43B3216C1F6AC97600BABF8F /* Utils.swift */,
			);
			indentWidth = 2;
			path = present;
			sourceTree = "<group>";
			tabWidth = 2;
		};
		4399B9291F6AC44400CFA452 /* present */ = {
			isa = PBXGroup;
			children = (
				4399B9021F6AC26A00CFA452 /* LocationTest.swift */,
				43B3216F1F6AD36A00BABF8F /* SearchTest.swift */,
			);
			path = present;
			sourceTree = "<group>";
		};
/* End PBXGroup section */

/* Begin PBXNativeTarget section */
		4399B8E91F6AC26A00CFA452 /* nearby-neighborhoods */ = {
			isa = PBXNativeTarget;
			buildConfigurationList = 4399B9071F6AC26A00CFA452 /* Build configuration list for PBXNativeTarget "nearby-neighborhoods" */;
			buildPhases = (
				4399B8E61F6AC26A00CFA452 /* Sources */,
				4399B8E71F6AC26A00CFA452 /* Frameworks */,
				4399B8E81F6AC26A00CFA452 /* Resources */,
			);
			buildRules = (
			);
			dependencies = (
			);
			name = "nearby-neighborhoods";
			productName = "nearby-neighborhoods";
			productReference = 4399B8EA1F6AC26A00CFA452 /* nearby-neighborhoods.app */;
			productType = "com.apple.product-type.application";
		};
		4399B8FD1F6AC26A00CFA452 /* nearby-neighborhoodsTests */ = {
			isa = PBXNativeTarget;
			buildConfigurationList = 4399B90A1F6AC26A00CFA452 /* Build configuration list for PBXNativeTarget "nearby-neighborhoodsTests" */;
			buildPhases = (
				4399B8FA1F6AC26A00CFA452 /* Sources */,
				4399B8FB1F6AC26A00CFA452 /* Frameworks */,
				4399B8FC1F6AC26A00CFA452 /* Resources */,
			);
			buildRules = (
			);
			dependencies = (
				4399B9001F6AC26A00CFA452 /* PBXTargetDependency */,
			);
			name = "nearby-neighborhoodsTests";
			productName = "nearby-neighborhoodsTests";
			productReference = 4399B8FE1F6AC26A00CFA452 /* nearby-neighborhoodsTests.xctest */;
			productType = "com.apple.product-type.bundle.unit-test";
		};
/* End PBXNativeTarget section */

/* Begin PBXProject section */
		4399B8E21F6AC26A00CFA452 /* Project object */ = {
			isa = PBXProject;
			attributes = {
				LastSwiftUpdateCheck = 0830;
				LastUpgradeCheck = 0830;
				ORGANIZATIONNAME = co.present;
				TargetAttributes = {
					4399B8E91F6AC26A00CFA452 = {
						CreatedOnToolsVersion = 8.3.3;
						DevelopmentTeam = V48WJRB536;
						ProvisioningStyle = Automatic;
					};
					4399B8FD1F6AC26A00CFA452 = {
						CreatedOnToolsVersion = 8.3.3;
						DevelopmentTeam = V48WJRB536;
						ProvisioningStyle = Automatic;
						TestTargetID = 4399B8E91F6AC26A00CFA452;
					};
				};
			};
			buildConfigurationList = 4399B8E51F6AC26A00CFA452 /* Build configuration list for PBXProject "nearby-neighborhoods" */;
			compatibilityVersion = "Xcode 3.2";
			developmentRegion = English;
			hasScannedForEncodings = 0;
			knownRegions = (
				en,
				Base,
			);
			mainGroup = 4399B8E11F6AC26A00CFA452;
			productRefGroup = 4399B8EB1F6AC26A00CFA452 /* Products */;
			projectDirPath = "";
			projectRoot = "";
			targets = (
				4399B8E91F6AC26A00CFA452 /* nearby-neighborhoods */,
				4399B8FD1F6AC26A00CFA452 /* nearby-neighborhoodsTests */,
			);
		};
/* End PBXProject section */

/* Begin PBXResourcesBuildPhase section */
		4399B8E81F6AC26A00CFA452 /* Resources */ = {
			isa = PBXResourcesBuildPhase;
			buildActionMask = 2147483647;
			files = (
				4399B8F81F6AC26A00CFA452 /* LaunchScreen.storyboard in Resources */,
				4399B8F51F6AC26A00CFA452 /* Assets.xcassets in Resources */,
				4399B8F31F6AC26A00CFA452 /* Main.storyboard in Resources */,
			);
			runOnlyForDeploymentPostprocessing = 0;
		};
		4399B8FC1F6AC26A00CFA452 /* Resources */ = {
			isa = PBXResourcesBuildPhase;
			buildActionMask = 2147483647;
			files = (
			);
			runOnlyForDeploymentPostprocessing = 0;
		};
/* End PBXResourcesBuildPhase section */

/* Begin PBXSourcesBuildPhase section */
		4399B8E61F6AC26A00CFA452 /* Sources */ = {
			isa = PBXSourcesBuildPhase;
			buildActionMask = 2147483647;
			files = (
				4399B8F01F6AC26A00CFA452 /* ViewController.swift in Sources */,
				4399B9261F6AC43700CFA452 /* Neighborhood.swift in Sources */,
				4399B8EE1F6AC26A00CFA452 /* AppDelegate.swift in Sources */,
				43B3216D1F6AC97600BABF8F /* Utils.swift in Sources */,
				4399B9271F6AC43700CFA452 /* Neighborhoods.swift in Sources */,
				4399B9251F6AC43700CFA452 /* Location.swift in Sources */,
				4399B9281F6AC43700CFA452 /* Search.swift in Sources */,
			);
			runOnlyForDeploymentPostprocessing = 0;
		};
		4399B8FA1F6AC26A00CFA452 /* Sources */ = {
			isa = PBXSourcesBuildPhase;
			buildActionMask = 2147483647;
			files = (
				4399B92F1F6AC46400CFA452 /* Neighborhood.swift in Sources */,
				43B321701F6AD36A00BABF8F /* SearchTest.swift in Sources */,
				4399B92E1F6AC46400CFA452 /* Location.swift in Sources */,
				4399B9031F6AC26A00CFA452 /* LocationTest.swift in Sources */,
				4399B9301F6AC46400CFA452 /* Neighborhoods.swift in Sources */,
				4399B9311F6AC46400CFA452 /* Search.swift in Sources */,
				43B3216E1F6AD2A200BABF8F /* Utils.swift in Sources */,
			);
			runOnlyForDeploymentPostprocessing = 0;
		};
/* End PBXSourcesBuildPhase section */

/* Begin PBXTargetDependency section */
		4399B9001F6AC26A00CFA452 /* PBXTargetDependency */ = {
			isa = PBXTargetDependency;
			target = 4399B8E91F6AC26A00CFA452 /* nearby-neighborhoods */;
			targetProxy = 4399B8FF1F6AC26A00CFA452 /* PBXContainerItemProxy */;
		};
/* End PBXTargetDependency section */

/* Begin PBXVariantGroup section */
		4399B8F11F6AC26A00CFA452 /* Main.storyboard */ = {
			isa = PBXVariantGroup;
			children = (
				4399B8F21F6AC26A00CFA452 /* Base */,
			);
			name = Main.storyboard;
			sourceTree = "<group>";
		};
		4399B8F61F6AC26A00CFA452 /* LaunchScreen.storyboard */ = {
			isa = PBXVariantGroup;
			children = (
				4399B8F71F6AC26A00CFA452 /* Base */,
			);
			name = LaunchScreen.storyboard;
			sourceTree = "<group>";
		};
/* End PBXVariantGroup section */

/* Begin XCBuildConfiguration section */
		4399B9051F6AC26A00CFA452 /* Debug */ = {
			isa = XCBuildConfiguration;
			buildSettings = {
				ALWAYS_SEARCH_USER_PATHS = NO;
				CLANG_ANALYZER_NONNULL = YES;
				CLANG_ANALYZER_NUMBER_OBJECT_CONVERSION = YES_AGGRESSIVE;
				CLANG_CXX_LANGUAGE_STANDARD = "gnu++0x";
				CLANG_CXX_LIBRARY = "libc++";
				CLANG_ENABLE_MODULES = YES;
				CLANG_ENABLE_OBJC_ARC = YES;
				CLANG_WARN_BOOL_CONVERSION = YES;
				CLANG_WARN_CONSTANT_CONVERSION = YES;
				CLANG_WARN_DIRECT_OBJC_ISA_USAGE = YES_ERROR;
				CLANG_WARN_DOCUMENTATION_COMMENTS = YES;
				CLANG_WARN_EMPTY_BODY = YES;
				CLANG_WARN_ENUM_CONVERSION = YES;
				CLANG_WARN_INFINITE_RECURSION = YES;
				CLANG_WARN_INT_CONVERSION = YES;
				CLANG_WARN_OBJC_ROOT_CLASS = YES_ERROR;
				CLANG_WARN_SUSPICIOUS_MOVE = YES;
				CLANG_WARN_UNREACHABLE_CODE = YES;
				CLANG_WARN__DUPLICATE_METHOD_MATCH = YES;
				"CODE_SIGN_IDENTITY[sdk=iphoneos*]" = "iPhone Developer";
				COPY_PHASE_STRIP = NO;
				DEBUG_INFORMATION_FORMAT = dwarf;
				ENABLE_STRICT_OBJC_MSGSEND = YES;
				ENABLE_TESTABILITY = YES;
				GCC_C_LANGUAGE_STANDARD = gnu99;
				GCC_DYNAMIC_NO_PIC = NO;
				GCC_NO_COMMON_BLOCKS = YES;
				GCC_OPTIMIZATION_LEVEL = 0;
				GCC_PREPROCESSOR_DEFINITIONS = (
					"DEBUG=1",
					"$(inherited)",
				);
				GCC_WARN_64_TO_32_BIT_CONVERSION = YES;
				GCC_WARN_ABOUT_RETURN_TYPE = YES_ERROR;
				GCC_WARN_UNDECLARED_SELECTOR = YES;
				GCC_WARN_UNINITIALIZED_AUTOS = YES_AGGRESSIVE;
				GCC_WARN_UNUSED_FUNCTION = YES;
				GCC_WARN_UNUSED_VARIABLE = YES;
				IPHONEOS_DEPLOYMENT_TARGET = 10.3;
				MTL_ENABLE_DEBUG_INFO = YES;
				ONLY_ACTIVE_ARCH = YES;
				SDKROOT = iphoneos;
				SWIFT_ACTIVE_COMPILATION_CONDITIONS = DEBUG;
				SWIFT_OPTIMIZATION_LEVEL = "-Onone";
				TARGETED_DEVICE_FAMILY = "1,2";
			};
			name = Debug;
		};
		4399B9061F6AC26A00CFA452 /* Release */ = {
			isa = XCBuildConfiguration;
			buildSettings = {
				ALWAYS_SEARCH_USER_PATHS = NO;
				CLANG_ANALYZER_NONNULL = YES;
				CLANG_ANALYZER_NUMBER_OBJECT_CONVERSION = YES_AGGRESSIVE;
				CLANG_CXX_LANGUAGE_STANDARD = "gnu++0x";
				CLANG_CXX_LIBRARY = "libc++";
				CLANG_ENABLE_MODULES = YES;
				CLANG_ENABLE_OBJC_ARC = YES;
				CLANG_WARN_BOOL_CONVERSION = YES;
				CLANG_WARN_CONSTANT_CONVERSION = YES;
				CLANG_WARN_DIRECT_OBJC_ISA_USAGE = YES_ERROR;
				CLANG_WARN_DOCUMENTATION_COMMENTS = YES;
				CLANG_WARN_EMPTY_BODY = YES;
				CLANG_WARN_ENUM_CONVERSION = YES;
				CLANG_WARN_INFINITE_RECURSION = YES;
				CLANG_WARN_INT_CONVERSION = YES;
				CLANG_WARN_OBJC_ROOT_CLASS = YES_ERROR;
				CLANG_WARN_SUSPICIOUS_MOVE = YES;
				CLANG_WARN_UNREACHABLE_CODE = YES;
				CLANG_WARN__DUPLICATE_METHOD_MATCH = YES;
				"CODE_SIGN_IDENTITY[sdk=iphoneos*]" = "iPhone Developer";
				COPY_PHASE_STRIP = NO;
				DEBUG_INFORMATION_FORMAT = "dwarf-with-dsym";
				ENABLE_NS_ASSERTIONS = NO;
				ENABLE_STRICT_OBJC_MSGSEND = YES;
				GCC_C_LANGUAGE_STANDARD = gnu99;
				GCC_NO_COMMON_BLOCKS = YES;
				GCC_WARN_64_TO_32_BIT_CONVERSION = YES;
				GCC_WARN_ABOUT_RETURN_TYPE = YES_ERROR;
				GCC_WARN_UNDECLARED_SELECTOR = YES;
				GCC_WARN_UNINITIALIZED_AUTOS = YES_AGGRESSIVE;
				GCC_WARN_UNUSED_FUNCTION = YES;
				GCC_WARN_UNUSED_VARIABLE = YES;
				IPHONEOS_DEPLOYMENT_TARGET = 10.3;
				MTL_ENABLE_DEBUG_INFO = NO;
				SDKROOT = iphoneos;
				SWIFT_OPTIMIZATION_LEVEL = "-Owholemodule";
				TARGETED_DEVICE_FAMILY = "1,2";
				VALIDATE_PRODUCT = YES;
			};
			name = Release;
		};
		4399B9081F6AC26A00CFA452 /* Debug */ = {
			isa = XCBuildConfiguration;
			buildSettings = {
				ASSETCATALOG_COMPILER_APPICON_NAME = AppIcon;
				DEVELOPMENT_TEAM = V48WJRB536;
				INFOPLIST_FILE = "nearby-neighborhoods/Info.plist";
				LD_RUNPATH_SEARCH_PATHS = "$(inherited) @executable_path/Frameworks";
				PRODUCT_BUNDLE_IDENTIFIER = "co.present.nearby-neighborhoods";
				PRODUCT_NAME = "$(TARGET_NAME)";
				SWIFT_VERSION = 3.0;
			};
			name = Debug;
		};
		4399B9091F6AC26A00CFA452 /* Release */ = {
			isa = XCBuildConfiguration;
			buildSettings = {
				ASSETCATALOG_COMPILER_APPICON_NAME = AppIcon;
				DEVELOPMENT_TEAM = V48WJRB536;
				INFOPLIST_FILE = "nearby-neighborhoods/Info.plist";
				LD_RUNPATH_SEARCH_PATHS = "$(inherited) @executable_path/Frameworks";
				PRODUCT_BUNDLE_IDENTIFIER = "co.present.nearby-neighborhoods";
				PRODUCT_NAME = "$(TARGET_NAME)";
				SWIFT_VERSION = 3.0;
			};
			name = Release;
		};
		4399B90B1F6AC26A00CFA452 /* Debug */ = {
			isa = XCBuildConfiguration;
			buildSettings = {
				ALWAYS_EMBED_SWIFT_STANDARD_LIBRARIES = YES;
				BUNDLE_LOADER = "$(TEST_HOST)";
				DEVELOPMENT_TEAM = V48WJRB536;
				INFOPLIST_FILE = "nearby-neighborhoodsTests/Info.plist";
				LD_RUNPATH_SEARCH_PATHS = "$(inherited) @executable_path/Frameworks @loader_path/Frameworks";
				PRODUCT_BUNDLE_IDENTIFIER = "co.present.nearby-neighborhoodsTests";
				PRODUCT_NAME = "$(TARGET_NAME)";
				SWIFT_VERSION = 3.0;
				TEST_HOST = "$(BUILT_PRODUCTS_DIR)/nearby-neighborhoods.app/nearby-neighborhoods";
			};
			name = Debug;
		};
		4399B90C1F6AC26A00CFA452 /* Release */ = {
			isa = XCBuildConfiguration;
			buildSettings = {
				ALWAYS_EMBED_SWIFT_STANDARD_LIBRARIES = YES;
				BUNDLE_LOADER = "$(TEST_HOST)";
				DEVELOPMENT_TEAM = V48WJRB536;
				INFOPLIST_FILE = "nearby-neighborhoodsTests/Info.plist";
				LD_RUNPATH_SEARCH_PATHS = "$(inherited) @executable_path/Frameworks @loader_path/Frameworks";
				PRODUCT_BUNDLE_IDENTIFIER = "co.present.nearby-neighborhoodsTests";
				PRODUCT_NAME = "$(TARGET_NAME)";
				SWIFT_VERSION = 3.0;
				TEST_HOST = "$(BUILT_PRODUCTS_DIR)/nearby-neighborhoods.app/nearby-neighborhoods";
			};
			name = Release;
		};
/* End XCBuildConfiguration section */

/* Begin XCConfigurationList section */
		4399B8E51F6AC26A00CFA452 /* Build configuration list for PBXProject "nearby-neighborhoods" */ = {
			isa = XCConfigurationList;
			buildConfigurations = (
				4399B9051F6AC26A00CFA452 /* Debug */,
				4399B9061F6AC26A00CFA452 /* Release */,
			);
			defaultConfigurationIsVisible = 0;
			defaultConfigurationName = Release;
		};
		4399B9071F6AC26A00CFA452 /* Build configuration list for PBXNativeTarget "nearby-neighborhoods" */ = {
			isa = XCConfigurationList;
			buildConfigurations = (
				4399B9081F6AC26A00CFA452 /* Debug */,
				4399B9091F6AC26A00CFA452 /* Release */,
			);
			defaultConfigurationIsVisible = 0;
			defaultConfigurationName = Release;
		};
		4399B90A1F6AC26A00CFA452 /* Build configuration list for PBXNativeTarget "nearby-neighborhoodsTests" */ = {
			isa = XCConfigurationList;
			buildConfigurations = (
				4399B90B1F6AC26A00CFA452 /* Debug */,
				4399B90C1F6AC26A00CFA452 /* Release */,
			);
			defaultConfigurationIsVisible = 0;
			defaultConfigurationName = Release;
		};
/* End XCConfigurationList section */
	};
	rootObject = 4399B8E21F6AC26A00CFA452 /* Project object */;
}
